
Microsoft Visual Studio Solution File, Format Version 12.00
# Visual Studio 15
VisualStudioVersion = 15.0.28010.2036
MinimumVisualStudioVersion = 10.0.40219.1
Project("{FAE04EC0-301F-11D3-BF4B-00C04F79EFBC}") = "thread_version", "thread_version\thread_version.csproj", "{FA7433A2-1CC1-46BC-935A-63584168DC9A}"
EndProject
Project("{FAE04EC0-301F-11D3-BF4B-00C04F79EFBC}") = "task_version", "task_version\task_version.csproj", "{2D1D38B6-0BB4-4B5C-80D1-9814FC9FDDD1}"
EndProject
Global
	GlobalSection(SolutionConfigurationPlatforms) = preSolution
		Debug|Any CPU = Debug|Any CPU
		Release|Any CPU = Release|Any CPU
	EndGlobalSection
	GlobalSection(ProjectConfigurationPlatforms) = postSolution
		{FA7433A2-1CC1-46BC-935A-63584168DC9A}.Debug|Any CPU.ActiveCfg = Debug|Any CPU
		{FA7433A2-1CC1-46BC-935A-63584168DC9A}.Debug|Any CPU.Build.0 = Debug|Any CPU
		{FA7433A2-1CC1-46BC-935A-63584168DC9A}.Release|Any CPU.ActiveCfg = Release|Any CPU
		{FA7433A2-1CC1-46BC-935A-63584168DC9A}.Release|Any CPU.Build.0 = Release|Any CPU
		{2D1D38B6-0BB4-4B5C-80D1-9814FC9FDDD1}.Debug|Any CPU.ActiveCfg = Debug|Any CPU
		{2D1D38B6-0BB4-4B5C-80D1-9814FC9FDDD1}.Debug|Any CPU.Build.0 = Debug|Any CPU
		{2D1D38B6-0BB4-4B5C-80D1-9814FC9FDDD1}.Release|Any CPU.ActiveCfg = Release|Any CPU
		{2D1D38B6-0BB4-4B5C-80D1-9814FC9FDDD1}.Release|Any CPU.Build.0 = Release|Any CPU
	EndGlobalSection
	GlobalSection(SolutionProperties) = preSolution
		HideSolutionNode = FALSE
	EndGlobalSection
	GlobalSection(ExtensibilityGlobals) = postSolution
		SolutionGuid = {136864AC-B63A-4D0B-B0CA-6FC16403A24B}
	EndGlobalSection
EndGlobal
